
Microsoft Visual Studio Solution File, Format Version 12.00
# Visual Studio 15
Project("{FAE04EC0-301F-11D3-BF4B-00C04F79EFBC}") = "OR.Web", "OR.Web\OR.Web.csproj", "{8E19CAFE-089B-4C25-ABAB-91266011B260}"
EndProject
Project("{FAE04EC0-301F-11D3-BF4B-00C04F79EFBC}") = "OR.Data", "OR.Data\OR.Data.csproj", "{AB6060F1-CCF5-44F3-AB5C-344F0D0D94DF}"
EndProject
Global
	GlobalSection(SolutionConfigurationPlatforms) = preSolution
		Debug|Any CPU = Debug|Any CPU
		Release|Any CPU = Release|Any CPU
	EndGlobalSection
	GlobalSection(ProjectConfigurationPlatforms) = postSolution
		{8E19CAFE-089B-4C25-ABAB-91266011B260}.Debug|Any CPU.ActiveCfg = Debug|Any CPU
		{8E19CAFE-089B-4C25-ABAB-91266011B260}.Debug|Any CPU.Build.0 = Debug|Any CPU
		{8E19CAFE-089B-4C25-ABAB-91266011B260}.Release|Any CPU.ActiveCfg = Release|Any CPU
		{8E19CAFE-089B-4C25-ABAB-91266011B260}.Release|Any CPU.Build.0 = Release|Any CPU
		{AB6060F1-CCF5-44F3-AB5C-344F0D0D94DF}.Debug|Any CPU.ActiveCfg = Debug|Any CPU
		{AB6060F1-CCF5-44F3-AB5C-344F0D0D94DF}.Debug|Any CPU.Build.0 = Debug|Any CPU
		{AB6060F1-CCF5-44F3-AB5C-344F0D0D94DF}.Release|Any CPU.ActiveCfg = Release|Any CPU
		{AB6060F1-CCF5-44F3-AB5C-344F0D0D94DF}.Release|Any CPU.Build.0 = Release|Any CPU
	EndGlobalSection
EndGlobal
