
Microsoft Visual Studio Solution File, Format Version 12.00
# Visual Studio 15
Project("{FAE04EC0-301F-11D3-BF4B-00C04F79EFBC}") = "OR.Web", "OR.Web.csproj", "{A06326C9-2C9F-4AC5-B8FD-3EF612090633}"
EndProject
Global
	GlobalSection(SolutionConfigurationPlatforms) = preSolution
		Debug|Any CPU = Debug|Any CPU
		Release|Any CPU = Release|Any CPU
	EndGlobalSection
	GlobalSection(ProjectConfigurationPlatforms) = postSolution
		{A06326C9-2C9F-4AC5-B8FD-3EF612090633}.Debug|Any CPU.ActiveCfg = Debug|Any CPU
		{A06326C9-2C9F-4AC5-B8FD-3EF612090633}.Debug|Any CPU.Build.0 = Debug|Any CPU
		{A06326C9-2C9F-4AC5-B8FD-3EF612090633}.Release|Any CPU.ActiveCfg = Release|Any CPU
		{A06326C9-2C9F-4AC5-B8FD-3EF612090633}.Release|Any CPU.Build.0 = Release|Any CPU
	EndGlobalSection
EndGlobal
